
Microsoft Visual Studio Solution File, Format Version 12.00
# Visual Studio Version 17
VisualStudioVersion = 17.3.32825.248
MinimumVisualStudioVersion = 10.0.40219.1
Project("{9A19103F-16F7-4668-BE54-9A1E7A4F7556}") = "ModuleApplication", "ModuleApplication\ModuleApplication.csproj", "{8504AF9E-37A8-494E-99A5-8BEE5E0978BC}"
EndProject
Project("{2150E333-8FDC-42A3-9474-1A3956D46DE8}") = "Modules", "Modules", "{66E5E29B-5A86-4CFD-A859-25363EF43B3C}"
EndProject
Project("{9A19103F-16F7-4668-BE54-9A1E7A4F7556}") = "UserManagementModule", "UserManagementModule\UserManagementModule.csproj", "{DE7D0007-AEB8-4629-90AF-7F98C2470569}"
EndProject
Project("{9A19103F-16F7-4668-BE54-9A1E7A4F7556}") = "ShareModuleCore", "ShareModuleCore\ShareModuleCore.csproj", "{7B125184-47E9-4181-9FAD-0795F3C7E5FD}"
EndProject
Project("{FAE04EC0-301F-11D3-BF4B-00C04F79EFBC}") = "OrderManagementModule", "OrderManagementModule\OrderManagementModule.csproj", "{700EA4DB-6007-40B8-9B08-DB617A7BC6EA}"
EndProject
Global
	GlobalSection(SolutionConfigurationPlatforms) = preSolution
		Debug|Any CPU = Debug|Any CPU
		Release|Any CPU = Release|Any CPU
	EndGlobalSection
	GlobalSection(ProjectConfigurationPlatforms) = postSolution
		{8504AF9E-37A8-494E-99A5-8BEE5E0978BC}.Debug|Any CPU.ActiveCfg = Debug|Any CPU
		{8504AF9E-37A8-494E-99A5-8BEE5E0978BC}.Debug|Any CPU.Build.0 = Debug|Any CPU
		{8504AF9E-37A8-494E-99A5-8BEE5E0978BC}.Release|Any CPU.ActiveCfg = Release|Any CPU
		{8504AF9E-37A8-494E-99A5-8BEE5E0978BC}.Release|Any CPU.Build.0 = Release|Any CPU
		{DE7D0007-AEB8-4629-90AF-7F98C2470569}.Debug|Any CPU.ActiveCfg = Debug|Any CPU
		{DE7D0007-AEB8-4629-90AF-7F98C2470569}.Debug|Any CPU.Build.0 = Debug|Any CPU
		{DE7D0007-AEB8-4629-90AF-7F98C2470569}.Release|Any CPU.ActiveCfg = Release|Any CPU
		{DE7D0007-AEB8-4629-90AF-7F98C2470569}.Release|Any CPU.Build.0 = Release|Any CPU
		{7B125184-47E9-4181-9FAD-0795F3C7E5FD}.Debug|Any CPU.ActiveCfg = Debug|Any CPU
		{7B125184-47E9-4181-9FAD-0795F3C7E5FD}.Debug|Any CPU.Build.0 = Debug|Any CPU
		{7B125184-47E9-4181-9FAD-0795F3C7E5FD}.Release|Any CPU.ActiveCfg = Release|Any CPU
		{7B125184-47E9-4181-9FAD-0795F3C7E5FD}.Release|Any CPU.Build.0 = Release|Any CPU
		{700EA4DB-6007-40B8-9B08-DB617A7BC6EA}.Debug|Any CPU.ActiveCfg = Debug|Any CPU
		{700EA4DB-6007-40B8-9B08-DB617A7BC6EA}.Debug|Any CPU.Build.0 = Debug|Any CPU
		{700EA4DB-6007-40B8-9B08-DB617A7BC6EA}.Release|Any CPU.ActiveCfg = Release|Any CPU
		{700EA4DB-6007-40B8-9B08-DB617A7BC6EA}.Release|Any CPU.Build.0 = Release|Any CPU
	EndGlobalSection
	GlobalSection(SolutionProperties) = preSolution
		HideSolutionNode = FALSE
	EndGlobalSection
	GlobalSection(NestedProjects) = preSolution
		{DE7D0007-AEB8-4629-90AF-7F98C2470569} = {66E5E29B-5A86-4CFD-A859-25363EF43B3C}
		{700EA4DB-6007-40B8-9B08-DB617A7BC6EA} = {66E5E29B-5A86-4CFD-A859-25363EF43B3C}
	EndGlobalSection
	GlobalSection(ExtensibilityGlobals) = postSolution
		SolutionGuid = {BD21FB52-6797-4AC7-962D-B8ED6514C27E}
	EndGlobalSection
EndGlobal
